
Microsoft Visual Studio Solution File, Format Version 12.00
# Visual Studio 2015
Project("{FAE04EC0-301F-11D3-BF4B-00C04F79EFBC}") = "C_GameExamples.CSharp.Plugins", "C_GameExamples.CSharp.Plugins.csproj", "{12EB50F4-7C7B-F3F6-7572-1A048582191E}"
EndProject
Project("{FAE04EC0-301F-11D3-BF4B-00C04F79EFBC}") = "C_GameExamples.CSharp", "C_GameExamples.CSharp.csproj", "{4787E9F3-2C55-167A-5624-745722D69DED}"
EndProject
Global
	GlobalSection(SolutionConfigurationPlatforms) = preSolution
		Debug|Any CPU = Debug|Any CPU
		Release|Any CPU = Release|Any CPU
	EndGlobalSection
	GlobalSection(ProjectConfigurationPlatforms) = postSolution
		{12EB50F4-7C7B-F3F6-7572-1A048582191E}.Debug|Any CPU.ActiveCfg = Debug|Any CPU
		{12EB50F4-7C7B-F3F6-7572-1A048582191E}.Debug|Any CPU.Build.0 = Debug|Any CPU
		{12EB50F4-7C7B-F3F6-7572-1A048582191E}.Release|Any CPU.ActiveCfg = Release|Any CPU
		{12EB50F4-7C7B-F3F6-7572-1A048582191E}.Release|Any CPU.Build.0 = Release|Any CPU
		{4787E9F3-2C55-167A-5624-745722D69DED}.Debug|Any CPU.ActiveCfg = Debug|Any CPU
		{4787E9F3-2C55-167A-5624-745722D69DED}.Debug|Any CPU.Build.0 = Debug|Any CPU
		{4787E9F3-2C55-167A-5624-745722D69DED}.Release|Any CPU.ActiveCfg = Release|Any CPU
		{4787E9F3-2C55-167A-5624-745722D69DED}.Release|Any CPU.Build.0 = Release|Any CPU
	EndGlobalSection
	GlobalSection(SolutionProperties) = preSolution
		HideSolutionNode = FALSE
	EndGlobalSection
EndGlobal
