
Microsoft Visual Studio Solution File, Format Version 12.00
# Visual Studio 15
Project("{FAE04EC0-301F-11D3-BF4B-00C04F79EFBC}") = "Assembly-CSharp", "Assembly-CSharp.csproj", "{B412BCB5-167A-A37D-21B0-2123721563B5}"
EndProject
Project("{FAE04EC0-301F-11D3-BF4B-00C04F79EFBC}") = "Assembly-CSharp-firstpass", "Assembly-CSharp-firstpass.csproj", "{DFE0456C-64A0-6749-0D92-5D0BAD1EA731}"
EndProject
Global
	GlobalSection(SolutionConfigurationPlatforms) = preSolution
		Debug|Any CPU = Debug|Any CPU
		Release|Any CPU = Release|Any CPU
	EndGlobalSection
	GlobalSection(ProjectConfigurationPlatforms) = postSolution
		{B412BCB5-167A-A37D-21B0-2123721563B5}.Debug|Any CPU.ActiveCfg = Debug|Any CPU
		{B412BCB5-167A-A37D-21B0-2123721563B5}.Debug|Any CPU.Build.0 = Debug|Any CPU
		{B412BCB5-167A-A37D-21B0-2123721563B5}.Release|Any CPU.ActiveCfg = Release|Any CPU
		{B412BCB5-167A-A37D-21B0-2123721563B5}.Release|Any CPU.Build.0 = Release|Any CPU
		{DFE0456C-64A0-6749-0D92-5D0BAD1EA731}.Debug|Any CPU.ActiveCfg = Debug|Any CPU
		{DFE0456C-64A0-6749-0D92-5D0BAD1EA731}.Debug|Any CPU.Build.0 = Debug|Any CPU
		{DFE0456C-64A0-6749-0D92-5D0BAD1EA731}.Release|Any CPU.ActiveCfg = Release|Any CPU
		{DFE0456C-64A0-6749-0D92-5D0BAD1EA731}.Release|Any CPU.Build.0 = Release|Any CPU
	EndGlobalSection
	GlobalSection(SolutionProperties) = preSolution
		HideSolutionNode = FALSE
	EndGlobalSection
EndGlobal
