
Microsoft Visual Studio Solution File, Format Version 11.00
# Visual Studio 2010
Project("{FAE04EC0-301F-11D3-BF4B-00C04F79EFBC}") = "Assembly-CSharp", "Assembly-CSharp.csproj", "{750736a0-6ff0-1cff-c93c-d7920e412370}"
EndProject
Project("{FAE04EC0-301F-11D3-BF4B-00C04F79EFBC}") = "Assembly-CSharp-firstpass", "Assembly-CSharp-firstpass.csproj", "{5126d643-f216-dba2-5bb2-801f921beef5}"
EndProject
Global
	GlobalSection(SolutionConfigurationPlatforms) = preSolution
		Debug|Any CPU = Debug|Any CPU
	EndGlobalSection
	GlobalSection(ProjectConfigurationPlatforms) = postSolution
		{750736a0-6ff0-1cff-c93c-d7920e412370}.Debug|Any CPU.ActiveCfg = Debug|Any CPU
		{750736a0-6ff0-1cff-c93c-d7920e412370}.Debug|Any CPU.Build.0 = Debug|Any CPU
		{5126d643-f216-dba2-5bb2-801f921beef5}.Debug|Any CPU.ActiveCfg = Debug|Any CPU
		{5126d643-f216-dba2-5bb2-801f921beef5}.Debug|Any CPU.Build.0 = Debug|Any CPU
	EndGlobalSection
	GlobalSection(SolutionProperties) = preSolution
		HideSolutionNode = FALSE
	EndGlobalSection
EndGlobal
